dependencies:
- name: app-deployment
  repository: https://nexus-craigmiller160.ddns.net/repository/helm-private
  version: 1.1.0
- name: secure_ingress
  repository: https://nexus-craigmiller160.ddns.net/repository/helm-private
  version: 1.0.0
digest: sha256:239ce5f1d39b84ddac0d8e2715f905dfab78668c602da3a2c84055d19687c63b
generated: "2022-12-25T21:22:53.326854-05:00"
